// !$*UTF8*$!
{
	archiveVersion = 1;
	classes = {
	};
	objectVersion = 46;
	objects = {

/* Begin PBXBuildFile section */
		0327818A1E031F3300588B11 /* Message.swift in Sources */ = {isa = PBXBuildFile; fileRef = 032781891E031F3300588B11 /* Message.swift */; };
		0327818C1E034C6300588B11 /* UserCell.swift in Sources */ = {isa = PBXBuildFile; fileRef = 0327818B1E034C6300588B11 /* UserCell.swift */; };
		0335D8E71DF59ED60048BD22 /* AppDelegate.swift in Sources */ = {isa = PBXBuildFile; fileRef = 0335D8E61DF59ED60048BD22 /* AppDelegate.swift */; };
		0335D8E91DF59ED60048BD22 /* MessagesController.swift in Sources */ = {isa = PBXBuildFile; fileRef = 0335D8E81DF59ED60048BD22 /* MessagesController.swift */; };
		0335D8EC1DF59ED60048BD22 /* Main.storyboard in Resources */ = {isa = PBXBuildFile; fileRef = 0335D8EA1DF59ED60048BD22 /* Main.storyboard */; };
		0335D8EE1DF59ED60048BD22 /* Assets.xcassets in Resources */ = {isa = PBXBuildFile; fileRef = 0335D8ED1DF59ED60048BD22 /* Assets.xcassets */; };
		0335D8F11DF59ED60048BD22 /* LaunchScreen.storyboard in Resources */ = {isa = PBXBuildFile; fileRef = 0335D8EF1DF59ED60048BD22 /* LaunchScreen.storyboard */; };
		0335D8FA1DF5A25D0048BD22 /* LoginController.swift in Sources */ = {isa = PBXBuildFile; fileRef = 0335D8F91DF5A25D0048BD22 /* LoginController.swift */; };
		0335D8FC1DF600380048BD22 /* GoogleService-Info.plist in Resources */ = {isa = PBXBuildFile; fileRef = 0335D8FB1DF600380048BD22 /* GoogleService-Info.plist */; };
		0343B9151DFCCCC300E8304F /* LoadingButton.swift in Sources */ = {isa = PBXBuildFile; fileRef = 0343B9141DFCCCC300E8304F /* LoadingButton.swift */; };
		036012051E06BF0800DD4630 /* ChatMessageCell.swift in Sources */ = {isa = PBXBuildFile; fileRef = 036012041E06BF0800DD4630 /* ChatMessageCell.swift */; };
		0366B4FE1DFF488100C32AF5 /* Extensions.swift in Sources */ = {isa = PBXBuildFile; fileRef = 0366B4FD1DFF488100C32AF5 /* Extensions.swift */; };
		0366B5001E0074CF00C32AF5 /* ChatLogController.swift in Sources */ = {isa = PBXBuildFile; fileRef = 0366B4FF1E0074CF00C32AF5 /* ChatLogController.swift */; };
		03E247971DF845F50012E2D1 /* NewMessageController.swift in Sources */ = {isa = PBXBuildFile; fileRef = 03E247961DF845F50012E2D1 /* NewMessageController.swift */; };
		03E2479A1DF98FEE0012E2D1 /* User.swift in Sources */ = {isa = PBXBuildFile; fileRef = 03E247991DF98FEE0012E2D1 /* User.swift */; };
		03E2479C1DF9A8A90012E2D1 /* LoginController+handlers.swift in Sources */ = {isa = PBXBuildFile; fileRef = 03E2479B1DF9A8A90012E2D1 /* LoginController+handlers.swift */; };
		44BFE17774CD2C9E9CAF9AB3 /* Pods_Firechat.framework in Frameworks */ = {isa = PBXBuildFile; fileRef = FF393FF475A2589EB343FB11 /* Pods_Firechat.framework */; };
/* End PBXBuildFile section */

/* Begin PBXFileReference section */
		032781891E031F3300588B11 /* Message.swift */ = {isa = PBXFileReference; fileEncoding = 4; lastKnownFileType = sourcecode.swift; path = Message.swift; sourceTree = "<group>"; };
		0327818B1E034C6300588B11 /* UserCell.swift */ = {isa = PBXFileReference; fileEncoding = 4; lastKnownFileType = sourcecode.swift; path = UserCell.swift; sourceTree = "<group>"; };
		0335D8E31DF59ED60048BD22 /* Firechat.app */ = {isa = PBXFileReference; explicitFileType = wrapper.application; includeInIndex = 0; path = Firechat.app; sourceTree = BUILT_PRODUCTS_DIR; };
		0335D8E61DF59ED60048BD22 /* AppDelegate.swift */ = {isa = PBXFileReference; lastKnownFileType = sourcecode.swift; path = AppDelegate.swift; sourceTree = "<group>"; };
		0335D8E81DF59ED60048BD22 /* MessagesController.swift */ = {isa = PBXFileReference; lastKnownFileType = sourcecode.swift; path = MessagesController.swift; sourceTree = "<group>"; };
		0335D8EB1DF59ED60048BD22 /* Base */ = {isa = PBXFileReference; lastKnownFileType = file.storyboard; name = Base; path = Base.lproj/Main.storyboard; sourceTree = "<group>"; };
		0335D8ED1DF59ED60048BD22 /* Assets.xcassets */ = {isa = PBXFileReference; lastKnownFileType = folder.assetcatalog; path = Assets.xcassets; sourceTree = "<group>"; };
		0335D8F01DF59ED60048BD22 /* Base */ = {isa = PBXFileReference; lastKnownFileType = file.storyboard; name = Base; path = Base.lproj/LaunchScreen.storyboard; sourceTree = "<group>"; };
		0335D8F21DF59ED60048BD22 /* Info.plist */ = {isa = PBXFileReference; lastKnownFileType = text.plist.xml; path = Info.plist; sourceTree = "<group>"; };
		0335D8F91DF5A25D0048BD22 /* LoginController.swift */ = {isa = PBXFileReference; fileEncoding = 4; lastKnownFileType = sourcecode.swift; path = LoginController.swift; sourceTree = "<group>"; };
		0335D8FB1DF600380048BD22 /* GoogleService-Info.plist */ = {isa = PBXFileReference; fileEncoding = 4; lastKnownFileType = text.plist.xml; path = "GoogleService-Info.plist"; sourceTree = "<group>"; };
		0343B9141DFCCCC300E8304F /* LoadingButton.swift */ = {isa = PBXFileReference; fileEncoding = 4; lastKnownFileType = sourcecode.swift; path = LoadingButton.swift; sourceTree = "<group>"; };
		036012041E06BF0800DD4630 /* ChatMessageCell.swift */ = {isa = PBXFileReference; fileEncoding = 4; lastKnownFileType = sourcecode.swift; path = ChatMessageCell.swift; sourceTree = "<group>"; };
		0366B4FD1DFF488100C32AF5 /* Extensions.swift */ = {isa = PBXFileReference; fileEncoding = 4; lastKnownFileType = sourcecode.swift; path = Extensions.swift; sourceTree = "<group>"; };
		0366B4FF1E0074CF00C32AF5 /* ChatLogController.swift */ = {isa = PBXFileReference; fileEncoding = 4; lastKnownFileType = sourcecode.swift; path = ChatLogController.swift; sourceTree = "<group>"; };
		03E247961DF845F50012E2D1 /* NewMessageController.swift */ = {isa = PBXFileReference; fileEncoding = 4; lastKnownFileType = sourcecode.swift; path = NewMessageController.swift; sourceTree = "<group>"; };
		03E247991DF98FEE0012E2D1 /* User.swift */ = {isa = PBXFileReference; fileEncoding = 4; lastKnownFileType = sourcecode.swift; path = User.swift; sourceTree = "<group>"; };
		03E2479B1DF9A8A90012E2D1 /* LoginController+handlers.swift */ = {isa = PBXFileReference; fileEncoding = 4; lastKnownFileType = sourcecode.swift; path = "LoginController+handlers.swift"; sourceTree = "<group>"; };
		B88027FE0F0E1455B838D397 /* Pods-Firechat.debug.xcconfig */ = {isa = PBXFileReference; includeInIndex = 1; lastKnownFileType = text.xcconfig; name = "Pods-Firechat.debug.xcconfig"; path = "Pods/Target Support Files/Pods-Firechat/Pods-Firechat.debug.xcconfig"; sourceTree = "<group>"; };
		CC437503E1DD85934EC40AF1 /* Pods-Firechat.release.xcconfig */ = {isa = PBXFileReference; includeInIndex = 1; lastKnownFileType = text.xcconfig; name = "Pods-Firechat.release.xcconfig"; path = "Pods/Target Support Files/Pods-Firechat/Pods-Firechat.release.xcconfig"; sourceTree = "<group>"; };
		FF393FF475A2589EB343FB11 /* Pods_Firechat.framework */ = {isa = PBXFileReference; explicitFileType = wrapper.framework; includeInIndex = 0; path = Pods_Firechat.framework; sourceTree = BUILT_PRODUCTS_DIR; };
/* End PBXFileReference section */

/* Begin PBXFrameworksBuildPhase section */
		0335D8E01DF59ED60048BD22 /* Frameworks */ = {
			isa = PBXFrameworksBuildPhase;
			buildActionMask = 2147483647;
			files = (
				44BFE17774CD2C9E9CAF9AB3 /* Pods_Firechat.framework in Frameworks */,
			);
			runOnlyForDeploymentPostprocessing = 0;
		};
/* End PBXFrameworksBuildPhase section */

/* Begin PBXGroup section */
		0335D8DA1DF59ED60048BD22 = {
			isa = PBXGroup;
			children = (
				0335D8E51DF59ED60048BD22 /* Firechat */,
				0335D8E41DF59ED60048BD22 /* Products */,
				F4ABEC90F9F151079B37B548 /* Pods */,
				82EEFE6BB2728DDB2F9D84CB /* Frameworks */,
			);
			sourceTree = "<group>";
		};
		0335D8E41DF59ED60048BD22 /* Products */ = {
			isa = PBXGroup;
			children = (
				0335D8E31DF59ED60048BD22 /* Firechat.app */,
			);
			name = Products;
			sourceTree = "<group>";
		};
		0335D8E51DF59ED60048BD22 /* Firechat */ = {
			isa = PBXGroup;
			children = (
				0366B4FC1DFF485E00C32AF5 /* Helpers */,
				0343B9131DFCCC9D00E8304F /* View */,
				03E247981DF98FC40012E2D1 /* Model */,
				0335D8F81DF5A21A0048BD22 /* Controller */,
				0335D8E61DF59ED60048BD22 /* AppDelegate.swift */,
				0335D8EA1DF59ED60048BD22 /* Main.storyboard */,
				0335D8ED1DF59ED60048BD22 /* Assets.xcassets */,
				0335D8EF1DF59ED60048BD22 /* LaunchScreen.storyboard */,
				0335D8F21DF59ED60048BD22 /* Info.plist */,
				0335D8FB1DF600380048BD22 /* GoogleService-Info.plist */,
			);
			path = Firechat;
			sourceTree = "<group>";
		};
		0335D8F81DF5A21A0048BD22 /* Controller */ = {
			isa = PBXGroup;
			children = (
				0335D8F91DF5A25D0048BD22 /* LoginController.swift */,
				0335D8E81DF59ED60048BD22 /* MessagesController.swift */,
				03E247961DF845F50012E2D1 /* NewMessageController.swift */,
				03E2479B1DF9A8A90012E2D1 /* LoginController+handlers.swift */,
				0366B4FF1E0074CF00C32AF5 /* ChatLogController.swift */,
			);
			name = Controller;
			sourceTree = "<group>";
		};
		0343B9131DFCCC9D00E8304F /* View */ = {
			isa = PBXGroup;
			children = (
				0343B9141DFCCCC300E8304F /* LoadingButton.swift */,
				0327818B1E034C6300588B11 /* UserCell.swift */,
				036012041E06BF0800DD4630 /* ChatMessageCell.swift */,
			);
			name = View;
			sourceTree = "<group>";
		};
		0366B4FC1DFF485E00C32AF5 /* Helpers */ = {
			isa = PBXGroup;
			children = (
				0366B4FD1DFF488100C32AF5 /* Extensions.swift */,
			);
			name = Helpers;
			sourceTree = "<group>";
		};
		03E247981DF98FC40012E2D1 /* Model */ = {
			isa = PBXGroup;
			children = (
				03E247991DF98FEE0012E2D1 /* User.swift */,
				032781891E031F3300588B11 /* Message.swift */,
			);
			name = Model;
			sourceTree = "<group>";
		};
		82EEFE6BB2728DDB2F9D84CB /* Frameworks */ = {
			isa = PBXGroup;
			children = (
				FF393FF475A2589EB343FB11 /* Pods_Firechat.framework */,
			);
			name = Frameworks;
			sourceTree = "<group>";
		};
		F4ABEC90F9F151079B37B548 /* Pods */ = {
			isa = PBXGroup;
			children = (
				B88027FE0F0E1455B838D397 /* Pods-Firechat.debug.xcconfig */,
				CC437503E1DD85934EC40AF1 /* Pods-Firechat.release.xcconfig */,
			);
			name = Pods;
			sourceTree = "<group>";
		};
/* End PBXGroup section */

/* Begin PBXNativeTarget section */
		0335D8E21DF59ED60048BD22 /* Firechat */ = {
			isa = PBXNativeTarget;
			buildConfigurationList = 0335D8F51DF59ED60048BD22 /* Build configuration list for PBXNativeTarget "Firechat" */;
			buildPhases = (
				2A95ABE7A5545D0F5056768B /* [CP] Check Pods Manifest.lock */,
				0335D8DF1DF59ED60048BD22 /* Sources */,
				0335D8E01DF59ED60048BD22 /* Frameworks */,
				0335D8E11DF59ED60048BD22 /* Resources */,
				69DE8A84DBECFA159FE5A38F /* [CP] Embed Pods Frameworks */,
				1C831BCD93D666FABB1C95CF /* [CP] Copy Pods Resources */,
			);
			buildRules = (
			);
			dependencies = (
			);
			name = Firechat;
			productName = Firechat;
			productReference = 0335D8E31DF59ED60048BD22 /* Firechat.app */;
			productType = "com.apple.product-type.application";
		};
/* End PBXNativeTarget section */

/* Begin PBXProject section */
		0335D8DB1DF59ED60048BD22 /* Project object */ = {
			isa = PBXProject;
			attributes = {
				LastSwiftUpdateCheck = 0810;
				LastUpgradeCheck = 0810;
				ORGANIZATIONNAME = "Nicolas Suarez-Canton Trueba";
				TargetAttributes = {
					0335D8E21DF59ED60048BD22 = {
						CreatedOnToolsVersion = 8.1;
						DevelopmentTeam = FY3MNK8STC;
						ProvisioningStyle = Automatic;
					};
				};
			};
			buildConfigurationList = 0335D8DE1DF59ED60048BD22 /* Build configuration list for PBXProject "Firechat" */;
			compatibilityVersion = "Xcode 3.2";
			developmentRegion = English;
			hasScannedForEncodings = 0;
			knownRegions = (
				en,
				Base,
			);
			mainGroup = 0335D8DA1DF59ED60048BD22;
			productRefGroup = 0335D8E41DF59ED60048BD22 /* Products */;
			projectDirPath = "";
			projectRoot = "";
			targets = (
				0335D8E21DF59ED60048BD22 /* Firechat */,
			);
		};
/* End PBXProject section */

/* Begin PBXResourcesBuildPhase section */
		0335D8E11DF59ED60048BD22 /* Resources */ = {
			isa = PBXResourcesBuildPhase;
			buildActionMask = 2147483647;
			files = (
				0335D8F11DF59ED60048BD22 /* LaunchScreen.storyboard in Resources */,
				0335D8FC1DF600380048BD22 /* GoogleService-Info.plist in Resources */,
				0335D8EE1DF59ED60048BD22 /* Assets.xcassets in Resources */,
				0335D8EC1DF59ED60048BD22 /* Main.storyboard in Resources */,
			);
			runOnlyForDeploymentPostprocessing = 0;
		};
/* End PBXResourcesBuildPhase section */

/* Begin PBXShellScriptBuildPhase section */
		1C831BCD93D666FABB1C95CF /* [CP] Copy Pods Resources */ = {
			isa = PBXShellScriptBuildPhase;
			buildActionMask = 2147483647;
			files = (
			);
			inputPaths = (
			);
			name = "[CP] Copy Pods Resources";
			outputPaths = (
			);
			runOnlyForDeploymentPostprocessing = 0;
			shellPath = /bin/sh;
			shellScript = "\"${SRCROOT}/Pods/Target Support Files/Pods-Firechat/Pods-Firechat-resources.sh\"\n";
			showEnvVarsInLog = 0;
		};
		2A95ABE7A5545D0F5056768B /* [CP] Check Pods Manifest.lock */ = {
			isa = PBXShellScriptBuildPhase;
			buildActionMask = 2147483647;
			files = (
			);
			inputPaths = (
			);
			name = "[CP] Check Pods Manifest.lock";
			outputPaths = (
			);
			runOnlyForDeploymentPostprocessing = 0;
			shellPath = /bin/sh;
			shellScript = "diff \"${PODS_ROOT}/../Podfile.lock\" \"${PODS_ROOT}/Manifest.lock\" > /dev/null\nif [ $? != 0 ] ; then\n    # print error to STDERR\n    echo \"error: The sandbox is not in sync with the Podfile.lock. Run 'pod install' or update your CocoaPods installation.\" >&2\n    exit 1\nfi\n";
			showEnvVarsInLog = 0;
		};
		69DE8A84DBECFA159FE5A38F /* [CP] Embed Pods Frameworks */ = {
			isa = PBXShellScriptBuildPhase;
			buildActionMask = 2147483647;
			files = (
			);
			inputPaths = (
			);
			name = "[CP] Embed Pods Frameworks";
			outputPaths = (
			);
			runOnlyForDeploymentPostprocessing = 0;
			shellPath = /bin/sh;
			shellScript = "\"${SRCROOT}/Pods/Target Support Files/Pods-Firechat/Pods-Firechat-frameworks.sh\"\n";
			showEnvVarsInLog = 0;
		};
/* End PBXShellScriptBuildPhase section */

/* Begin PBXSourcesBuildPhase section */
		0335D8DF1DF59ED60048BD22 /* Sources */ = {
			isa = PBXSourcesBuildPhase;
			buildActionMask = 2147483647;
			files = (
				0366B5001E0074CF00C32AF5 /* ChatLogController.swift in Sources */,
				03E247971DF845F50012E2D1 /* NewMessageController.swift in Sources */,
				0343B9151DFCCCC300E8304F /* LoadingButton.swift in Sources */,
				0335D8E91DF59ED60048BD22 /* MessagesController.swift in Sources */,
				0366B4FE1DFF488100C32AF5 /* Extensions.swift in Sources */,
				03E2479C1DF9A8A90012E2D1 /* LoginController+handlers.swift in Sources */,
				0335D8FA1DF5A25D0048BD22 /* LoginController.swift in Sources */,
				0327818A1E031F3300588B11 /* Message.swift in Sources */,
				03E2479A1DF98FEE0012E2D1 /* User.swift in Sources */,
				036012051E06BF0800DD4630 /* ChatMessageCell.swift in Sources */,
				0327818C1E034C6300588B11 /* UserCell.swift in Sources */,
				0335D8E71DF59ED60048BD22 /* AppDelegate.swift in Sources */,
			);
			runOnlyForDeploymentPostprocessing = 0;
		};
/* End PBXSourcesBuildPhase section */

/* Begin PBXVariantGroup section */
		0335D8EA1DF59ED60048BD22 /* Main.storyboard */ = {
			isa = PBXVariantGroup;
			children = (
				0335D8EB1DF59ED60048BD22 /* Base */,
			);
			name = Main.storyboard;
			sourceTree = "<group>";
		};
		0335D8EF1DF59ED60048BD22 /* LaunchScreen.storyboard */ = {
			isa = PBXVariantGroup;
			children = (
				0335D8F01DF59ED60048BD22 /* Base */,
			);
			name = LaunchScreen.storyboard;
			sourceTree = "<group>";
		};
/* End PBXVariantGroup section */

/* Begin XCBuildConfiguration section */
		0335D8F31DF59ED60048BD22 /* Debug */ = {
			isa = XCBuildConfiguration;
			buildSettings = {
				ALWAYS_SEARCH_USER_PATHS = NO;
				CLANG_ANALYZER_NONNULL = YES;
				CLANG_CXX_LANGUAGE_STANDARD = "gnu++0x";
				CLANG_CXX_LIBRARY = "libc++";
				CLANG_ENABLE_MODULES = YES;
				CLANG_ENABLE_OBJC_ARC = YES;
				CLANG_WARN_BOOL_CONVERSION = YES;
				CLANG_WARN_CONSTANT_CONVERSION = YES;
				CLANG_WARN_DIRECT_OBJC_ISA_USAGE = YES_ERROR;
				CLANG_WARN_DOCUMENTATION_COMMENTS = YES;
				CLANG_WARN_EMPTY_BODY = YES;
				CLANG_WARN_ENUM_CONVERSION = YES;
				CLANG_WARN_INFINITE_RECURSION = YES;
				CLANG_WARN_INT_CONVERSION = YES;
				CLANG_WARN_OBJC_ROOT_CLASS = YES_ERROR;
				CLANG_WARN_SUSPICIOUS_MOVE = YES;
				CLANG_WARN_SUSPICIOUS_MOVES = YES;
				CLANG_WARN_UNREACHABLE_CODE = YES;
				CLANG_WARN__DUPLICATE_METHOD_MATCH = YES;
				"CODE_SIGN_IDENTITY[sdk=iphoneos*]" = "iPhone Developer";
				COPY_PHASE_STRIP = NO;
				DEBUG_INFORMATION_FORMAT = dwarf;
				ENABLE_STRICT_OBJC_MSGSEND = YES;
				ENABLE_TESTABILITY = YES;
				GCC_C_LANGUAGE_STANDARD = gnu99;
				GCC_DYNAMIC_NO_PIC = NO;
				GCC_NO_COMMON_BLOCKS = YES;
				GCC_OPTIMIZATION_LEVEL = 0;
				GCC_PREPROCESSOR_DEFINITIONS = (
					"DEBUG=1",
					"$(inherited)",
				);
				GCC_WARN_64_TO_32_BIT_CONVERSION = YES;
				GCC_WARN_ABOUT_RETURN_TYPE = YES_ERROR;
				GCC_WARN_UNDECLARED_SELECTOR = YES;
				GCC_WARN_UNINITIALIZED_AUTOS = YES_AGGRESSIVE;
				GCC_WARN_UNUSED_FUNCTION = YES;
				GCC_WARN_UNUSED_VARIABLE = YES;
				IPHONEOS_DEPLOYMENT_TARGET = 10.1;
				MTL_ENABLE_DEBUG_INFO = YES;
				ONLY_ACTIVE_ARCH = YES;
				SDKROOT = iphoneos;
				SWIFT_ACTIVE_COMPILATION_CONDITIONS = DEBUG;
				SWIFT_OPTIMIZATION_LEVEL = "-Onone";
				TARGETED_DEVICE_FAMILY = "1,2";
			};
			name = Debug;
		};
		0335D8F41DF59ED60048BD22 /* Release */ = {
			isa = XCBuildConfiguration;
			buildSettings = {
				ALWAYS_SEARCH_USER_PATHS = NO;
				CLANG_ANALYZER_NONNULL = YES;
				CLANG_CXX_LANGUAGE_STANDARD = "gnu++0x";
				CLANG_CXX_LIBRARY = "libc++";
				CLANG_ENABLE_MODULES = YES;
				CLANG_ENABLE_OBJC_ARC = YES;
				CLANG_WARN_BOOL_CONVERSION = YES;
				CLANG_WARN_CONSTANT_CONVERSION = YES;
				CLANG_WARN_DIRECT_OBJC_ISA_USAGE = YES_ERROR;
				CLANG_WARN_DOCUMENTATION_COMMENTS = YES;
				CLANG_WARN_EMPTY_BODY = YES;
				CLANG_WARN_ENUM_CONVERSION = YES;
				CLANG_WARN_INFINITE_RECURSION = YES;
				CLANG_WARN_INT_CONVERSION = YES;
				CLANG_WARN_OBJC_ROOT_CLASS = YES_ERROR;
				CLANG_WARN_SUSPICIOUS_MOVE = YES;
				CLANG_WARN_SUSPICIOUS_MOVES = YES;
				CLANG_WARN_UNREACHABLE_CODE = YES;
				CLANG_WARN__DUPLICATE_METHOD_MATCH = YES;
				"CODE_SIGN_IDENTITY[sdk=iphoneos*]" = "iPhone Developer";
				COPY_PHASE_STRIP = NO;
				DEBUG_INFORMATION_FORMAT = "dwarf-with-dsym";
				ENABLE_NS_ASSERTIONS = NO;
				ENABLE_STRICT_OBJC_MSGSEND = YES;
				GCC_C_LANGUAGE_STANDARD = gnu99;
				GCC_NO_COMMON_BLOCKS = YES;
				GCC_WARN_64_TO_32_BIT_CONVERSION = YES;
				GCC_WARN_ABOUT_RETURN_TYPE = YES_ERROR;
				GCC_WARN_UNDECLARED_SELECTOR = YES;
				GCC_WARN_UNINITIALIZED_AUTOS = YES_AGGRESSIVE;
				GCC_WARN_UNUSED_FUNCTION = YES;
				GCC_WARN_UNUSED_VARIABLE = YES;
				IPHONEOS_DEPLOYMENT_TARGET = 10.1;
				MTL_ENABLE_DEBUG_INFO = NO;
				SDKROOT = iphoneos;
				SWIFT_OPTIMIZATION_LEVEL = "-Owholemodule";
				TARGETED_DEVICE_FAMILY = "1,2";
				VALIDATE_PRODUCT = YES;
			};
			name = Release;
		};
		0335D8F61DF59ED60048BD22 /* Debug */ = {
			isa = XCBuildConfiguration;
			baseConfigurationReference = B88027FE0F0E1455B838D397 /* Pods-Firechat.debug.xcconfig */;
			buildSettings = {
				ASSETCATALOG_COMPILER_APPICON_NAME = AppIcon;
				DEVELOPMENT_TEAM = FY3MNK8STC;
				INFOPLIST_FILE = Firechat/Info.plist;
				LD_RUNPATH_SEARCH_PATHS = "$(inherited) @executable_path/Frameworks";
				PRODUCT_BUNDLE_IDENTIFIER = nsuarezcanton.Firechat;
				PRODUCT_NAME = "$(TARGET_NAME)";
				SWIFT_VERSION = 3.0;
			};
			name = Debug;
		};
		0335D8F71DF59ED60048BD22 /* Release */ = {
			isa = XCBuildConfiguration;
			baseConfigurationReference = CC437503E1DD85934EC40AF1 /* Pods-Firechat.release.xcconfig */;
			buildSettings = {
				ASSETCATALOG_COMPILER_APPICON_NAME = AppIcon;
				DEVELOPMENT_TEAM = FY3MNK8STC;
				INFOPLIST_FILE = Firechat/Info.plist;
				LD_RUNPATH_SEARCH_PATHS = "$(inherited) @executable_path/Frameworks";
				PRODUCT_BUNDLE_IDENTIFIER = nsuarezcanton.Firechat;
				PRODUCT_NAME = "$(TARGET_NAME)";
				SWIFT_VERSION = 3.0;
			};
			name = Release;
		};
/* End XCBuildConfiguration section */

/* Begin XCConfigurationList section */
		0335D8DE1DF59ED60048BD22 /* Build configuration list for PBXProject "Firechat" */ = {
			isa = XCConfigurationList;
			buildConfigurations = (
				0335D8F31DF59ED60048BD22 /* Debug */,
				0335D8F41DF59ED60048BD22 /* Release */,
			);
			defaultConfigurationIsVisible = 0;
			defaultConfigurationName = Release;
		};
		0335D8F51DF59ED60048BD22 /* Build configuration list for PBXNativeTarget "Firechat" */ = {
			isa = XCConfigurationList;
			buildConfigurations = (
				0335D8F61DF59ED60048BD22 /* Debug */,
				0335D8F71DF59ED60048BD22 /* Release */,
			);
			defaultConfigurationIsVisible = 0;
			defaultConfigurationName = Release;
		};
/* End XCConfigurationList section */
	};
	rootObject = 0335D8DB1DF59ED60048BD22 /* Project object */;
}
